
Microsoft Visual Studio Solution File, Format Version 12.00
# Visual Studio Version 17
VisualStudioVersion = 17.12.35514.174
MinimumVisualStudioVersion = 10.0.40219.1
Project("{FAE04EC0-301F-11D3-BF4B-00C04F79EFBC}") = "Data", "Data\Data.csproj", "{0E872C45-8BED-4623-8177-53CD573210E2}"
EndProject
Project("{FAE04EC0-301F-11D3-BF4B-00C04F79EFBC}") = "Business", "Business\Business.csproj", "{6C74CAA5-B4EF-4A26-95B4-4E542D0F1EC2}"
EndProject
Project("{FAE04EC0-301F-11D3-BF4B-00C04F79EFBC}") = "WebApi", "WebApi\WebApi.csproj", "{9642733C-9BD4-4BFA-A431-4BF4A75F70E8}"
EndProject
Global
	GlobalSection(SolutionConfigurationPlatforms) = preSolution
		Debug|Any CPU = Debug|Any CPU
		Release|Any CPU = Release|Any CPU
	EndGlobalSection
	GlobalSection(ProjectConfigurationPlatforms) = postSolution
		{0E872C45-8BED-4623-8177-53CD573210E2}.Debug|Any CPU.ActiveCfg = Debug|Any CPU
		{0E872C45-8BED-4623-8177-53CD573210E2}.Debug|Any CPU.Build.0 = Debug|Any CPU
		{0E872C45-8BED-4623-8177-53CD573210E2}.Release|Any CPU.ActiveCfg = Release|Any CPU
		{0E872C45-8BED-4623-8177-53CD573210E2}.Release|Any CPU.Build.0 = Release|Any CPU
		{6C74CAA5-B4EF-4A26-95B4-4E542D0F1EC2}.Debug|Any CPU.ActiveCfg = Debug|Any CPU
		{6C74CAA5-B4EF-4A26-95B4-4E542D0F1EC2}.Debug|Any CPU.Build.0 = Debug|Any CPU
		{6C74CAA5-B4EF-4A26-95B4-4E542D0F1EC2}.Release|Any CPU.ActiveCfg = Release|Any CPU
		{6C74CAA5-B4EF-4A26-95B4-4E542D0F1EC2}.Release|Any CPU.Build.0 = Release|Any CPU
		{9642733C-9BD4-4BFA-A431-4BF4A75F70E8}.Debug|Any CPU.ActiveCfg = Debug|Any CPU
		{9642733C-9BD4-4BFA-A431-4BF4A75F70E8}.Debug|Any CPU.Build.0 = Debug|Any CPU
		{9642733C-9BD4-4BFA-A431-4BF4A75F70E8}.Release|Any CPU.ActiveCfg = Release|Any CPU
		{9642733C-9BD4-4BFA-A431-4BF4A75F70E8}.Release|Any CPU.Build.0 = Release|Any CPU
	EndGlobalSection
	GlobalSection(SolutionProperties) = preSolution
		HideSolutionNode = FALSE
	EndGlobalSection
EndGlobal
